{
  "name": "searchkit-starter",
  "version": "0.1.0",
  "lockfileVersion": 1,
  "requires": true,
  "dependencies": {
    "searchkit-daterangefilter": {
      "version": "0.0.2",
      "resolved": "https://registry.npmjs.org/searchkit-daterangefilter/-/searchkit-daterangefilter-0.0.2.tgz",
      "integrity": "sha1-tho0vLXyDqcv6xMyHAYwyWqpjx4="
    }
  }
}
